
Microsoft Visual Studio Solution File, Format Version 12.00
# Visual Studio Version 17
VisualStudioVersion = 17.14.36518.9
MinimumVisualStudioVersion = 10.0.40219.1
Project("{FAE04EC0-301F-11D3-BF4B-00C04F79EFBC}") = "Domain", "Domain\Domain.csproj", "{214D9975-243B-417F-9D15-9CBB3C663ECD}"
EndProject
Project("{FAE04EC0-301F-11D3-BF4B-00C04F79EFBC}") = "Application", "Application\Application.csproj", "{BB900836-84E4-4E17-B8AF-BF22CAA5AD84}"
EndProject
Project("{FAE04EC0-301F-11D3-BF4B-00C04F79EFBC}") = "Infrastructure", "Infrastructure\Infrastructure.csproj", "{84C140C8-4B09-467E-9BD1-96A8A15DD827}"
EndProject
Project("{FAE04EC0-301F-11D3-BF4B-00C04F79EFBC}") = "Api", "Api\Api.csproj", "{3A309D5E-5B87-4E8C-8654-5F890E45A825}"
EndProject
Project("{FAE04EC0-301F-11D3-BF4B-00C04F79EFBC}") = "Tests", "Tests\Tests.csproj", "{EE054166-13C3-4B59-9ECC-352B6288516A}"
EndProject
Global
	GlobalSection(SolutionConfigurationPlatforms) = preSolution
		Debug|Any CPU = Debug|Any CPU
		Release|Any CPU = Release|Any CPU
	EndGlobalSection
	GlobalSection(ProjectConfigurationPlatforms) = postSolution
		{214D9975-243B-417F-9D15-9CBB3C663ECD}.Debug|Any CPU.ActiveCfg = Debug|Any CPU
		{214D9975-243B-417F-9D15-9CBB3C663ECD}.Debug|Any CPU.Build.0 = Debug|Any CPU
		{214D9975-243B-417F-9D15-9CBB3C663ECD}.Release|Any CPU.ActiveCfg = Release|Any CPU
		{214D9975-243B-417F-9D15-9CBB3C663ECD}.Release|Any CPU.Build.0 = Release|Any CPU
		{BB900836-84E4-4E17-B8AF-BF22CAA5AD84}.Debug|Any CPU.ActiveCfg = Debug|Any CPU
		{BB900836-84E4-4E17-B8AF-BF22CAA5AD84}.Debug|Any CPU.Build.0 = Debug|Any CPU
		{BB900836-84E4-4E17-B8AF-BF22CAA5AD84}.Release|Any CPU.ActiveCfg = Release|Any CPU
		{BB900836-84E4-4E17-B8AF-BF22CAA5AD84}.Release|Any CPU.Build.0 = Release|Any CPU
		{84C140C8-4B09-467E-9BD1-96A8A15DD827}.Debug|Any CPU.ActiveCfg = Debug|Any CPU
		{84C140C8-4B09-467E-9BD1-96A8A15DD827}.Debug|Any CPU.Build.0 = Debug|Any CPU
		{84C140C8-4B09-467E-9BD1-96A8A15DD827}.Release|Any CPU.ActiveCfg = Release|Any CPU
		{84C140C8-4B09-467E-9BD1-96A8A15DD827}.Release|Any CPU.Build.0 = Release|Any CPU
		{3A309D5E-5B87-4E8C-8654-5F890E45A825}.Debug|Any CPU.ActiveCfg = Debug|Any CPU
		{3A309D5E-5B87-4E8C-8654-5F890E45A825}.Debug|Any CPU.Build.0 = Debug|Any CPU
		{3A309D5E-5B87-4E8C-8654-5F890E45A825}.Release|Any CPU.ActiveCfg = Release|Any CPU
		{3A309D5E-5B87-4E8C-8654-5F890E45A825}.Release|Any CPU.Build.0 = Release|Any CPU
		{EE054166-13C3-4B59-9ECC-352B6288516A}.Debug|Any CPU.ActiveCfg = Debug|Any CPU
		{EE054166-13C3-4B59-9ECC-352B6288516A}.Debug|Any CPU.Build.0 = Debug|Any CPU
		{EE054166-13C3-4B59-9ECC-352B6288516A}.Release|Any CPU.ActiveCfg = Release|Any CPU
		{EE054166-13C3-4B59-9ECC-352B6288516A}.Release|Any CPU.Build.0 = Release|Any CPU
	EndGlobalSection
	GlobalSection(SolutionProperties) = preSolution
		HideSolutionNode = FALSE
	EndGlobalSection
	GlobalSection(ExtensibilityGlobals) = postSolution
		SolutionGuid = {DD72A99F-8D9F-4A21-AD49-72676661A1CE}
	EndGlobalSection
EndGlobal
